// !$*UTF8*$!
{
	archiveVersion = 1;
	classes = {
	};
	objectVersion = 50;
	objects = {

/* Begin PBXBuildFile section */
		5E91AC2824432E5F00C8311D /* AppDelegate.swift in Sources */ = {isa = PBXBuildFile; fileRef = 5E91AC2724432E5F00C8311D /* AppDelegate.swift */; };
		5E91AC3124432E6000C8311D /* Assets.xcassets in Resources */ = {isa = PBXBuildFile; fileRef = 5E91AC3024432E6000C8311D /* Assets.xcassets */; };
		5E91AC3424432E6000C8311D /* LaunchScreen.storyboard in Resources */ = {isa = PBXBuildFile; fileRef = 5E91AC3224432E6000C8311D /* LaunchScreen.storyboard */; };
		5EF28F542454712F00D64277 /* HomeViewController.swift in Sources */ = {isa = PBXBuildFile; fileRef = 5EF28F522454712F00D64277 /* HomeViewController.swift */; };
		5EF28F552454712F00D64277 /* HomeViewController.xib in Resources */ = {isa = PBXBuildFile; fileRef = 5EF28F532454712F00D64277 /* HomeViewController.xib */; };
/* End PBXBuildFile section */

/* Begin PBXFileReference section */
		5E91AC2424432E5F00C8311D /* Fun Factory I.app */ = {isa = PBXFileReference; explicitFileType = wrapper.application; includeInIndex = 0; path = "Fun Factory I.app"; sourceTree = BUILT_PRODUCTS_DIR; };
		5E91AC2724432E5F00C8311D /* AppDelegate.swift */ = {isa = PBXFileReference; lastKnownFileType = sourcecode.swift; path = AppDelegate.swift; sourceTree = "<group>"; };
		5E91AC3024432E6000C8311D /* Assets.xcassets */ = {isa = PBXFileReference; lastKnownFileType = folder.assetcatalog; path = Assets.xcassets; sourceTree = "<group>"; };
		5E91AC3324432E6000C8311D /* Base */ = {isa = PBXFileReference; lastKnownFileType = file.storyboard; name = Base; path = Base.lproj/LaunchScreen.storyboard; sourceTree = "<group>"; };
		5E91AC3524432E6000C8311D /* Info.plist */ = {isa = PBXFileReference; lastKnownFileType = text.plist.xml; name = Info.plist; path = "Fun Factory I/Supporting Files/Info.plist"; sourceTree = SOURCE_ROOT; };
		5EF28F522454712F00D64277 /* HomeViewController.swift */ = {isa = PBXFileReference; lastKnownFileType = sourcecode.swift; path = HomeViewController.swift; sourceTree = "<group>"; };
		5EF28F532454712F00D64277 /* HomeViewController.xib */ = {isa = PBXFileReference; lastKnownFileType = file.xib; path = HomeViewController.xib; sourceTree = "<group>"; };
/* End PBXFileReference section */

/* Begin PBXFrameworksBuildPhase section */
		5E91AC2124432E5F00C8311D /* Frameworks */ = {
			isa = PBXFrameworksBuildPhase;
			buildActionMask = 2147483647;
			files = (
			);
			runOnlyForDeploymentPostprocessing = 0;
		};
/* End PBXFrameworksBuildPhase section */

/* Begin PBXGroup section */
		5E91AC1B24432E5F00C8311D = {
			isa = PBXGroup;
			children = (
				5E91AC2624432E5F00C8311D /* Fun Factory I */,
				5E91AC2524432E5F00C8311D /* Products */,
			);
			sourceTree = "<group>";
		};
		5E91AC2524432E5F00C8311D /* Products */ = {
			isa = PBXGroup;
			children = (
				5E91AC2424432E5F00C8311D /* Fun Factory I.app */,
			);
			name = Products;
			sourceTree = "<group>";
		};
		5E91AC2624432E5F00C8311D /* Fun Factory I */ = {
			isa = PBXGroup;
			children = (
				5E91AC2724432E5F00C8311D /* AppDelegate.swift */,
				5EF28F4A24544C5700D64277 /* View */,
				5EF28F4B24544C6500D64277 /* Controller */,
				5EF28F4C24544C6C00D64277 /* Model */,
				5EF28F4D24544C9200D64277 /* Util */,
				5EF28F5724559DE000D64277 /* Supporting Files */,
				5E91AC3024432E6000C8311D /* Assets.xcassets */,
			);
			path = "Fun Factory I";
			sourceTree = "<group>";
		};
		5EF28F4A24544C5700D64277 /* View */ = {
			isa = PBXGroup;
			children = (
				5EF28F502454709200D64277 /* Home */,
				5EF28F4F24544D1D00D64277 /* Launch */,
			);
			path = View;
			sourceTree = "<group>";
		};
		5EF28F4B24544C6500D64277 /* Controller */ = {
			isa = PBXGroup;
			children = (
				5EF28F51245470B200D64277 /* Home */,
			);
			path = Controller;
			sourceTree = "<group>";
		};
		5EF28F4C24544C6C00D64277 /* Model */ = {
			isa = PBXGroup;
			children = (
			);
			path = Model;
			sourceTree = "<group>";
		};
		5EF28F4D24544C9200D64277 /* Util */ = {
			isa = PBXGroup;
			children = (
			);
			path = Util;
			sourceTree = "<group>";
		};
		5EF28F4F24544D1D00D64277 /* Launch */ = {
			isa = PBXGroup;
			children = (
				5E91AC3224432E6000C8311D /* LaunchScreen.storyboard */,
			);
			path = Launch;
			sourceTree = "<group>";
		};
		5EF28F502454709200D64277 /* Home */ = {
			isa = PBXGroup;
			children = (
				5EF28F532454712F00D64277 /* HomeViewController.xib */,
			);
			path = Home;
			sourceTree = "<group>";
		};
		5EF28F51245470B200D64277 /* Home */ = {
			isa = PBXGroup;
			children = (
				5EF28F522454712F00D64277 /* HomeViewController.swift */,
			);
			path = Home;
			sourceTree = "<group>";
		};
		5EF28F5724559DE000D64277 /* Supporting Files */ = {
			isa = PBXGroup;
			children = (
				5E91AC3524432E6000C8311D /* Info.plist */,
			);
			path = "Supporting Files";
			sourceTree = "<group>";
		};
/* End PBXGroup section */

/* Begin PBXNativeTarget section */
		5E91AC2324432E5F00C8311D /* Fun Factory I */ = {
			isa = PBXNativeTarget;
			buildConfigurationList = 5E91AC3824432E6000C8311D /* Build configuration list for PBXNativeTarget "Fun Factory I" */;
			buildPhases = (
				5E91AC2024432E5F00C8311D /* Sources */,
				5E91AC2124432E5F00C8311D /* Frameworks */,
				5E91AC2224432E5F00C8311D /* Resources */,
			);
			buildRules = (
			);
			dependencies = (
			);
			name = "Fun Factory I";
			productName = "Fun Factory I";
			productReference = 5E91AC2424432E5F00C8311D /* Fun Factory I.app */;
			productType = "com.apple.product-type.application";
		};
/* End PBXNativeTarget section */

/* Begin PBXProject section */
		5E91AC1C24432E5F00C8311D /* Project object */ = {
			isa = PBXProject;
			attributes = {
				LastSwiftUpdateCheck = 1140;
				LastUpgradeCheck = 1140;
				ORGANIZATIONNAME = "Alberto Pérez Manjarin";
				TargetAttributes = {
					5E91AC2324432E5F00C8311D = {
						CreatedOnToolsVersion = 11.4;
					};
				};
			};
			buildConfigurationList = 5E91AC1F24432E5F00C8311D /* Build configuration list for PBXProject "Fun Factory I" */;
			compatibilityVersion = "Xcode 9.3";
			developmentRegion = en;
			hasScannedForEncodings = 0;
			knownRegions = (
				en,
				Base,
			);
			mainGroup = 5E91AC1B24432E5F00C8311D;
			productRefGroup = 5E91AC2524432E5F00C8311D /* Products */;
			projectDirPath = "";
			projectRoot = "";
			targets = (
				5E91AC2324432E5F00C8311D /* Fun Factory I */,
			);
		};
/* End PBXProject section */

/* Begin PBXResourcesBuildPhase section */
		5E91AC2224432E5F00C8311D /* Resources */ = {
			isa = PBXResourcesBuildPhase;
			buildActionMask = 2147483647;
			files = (
				5E91AC3424432E6000C8311D /* LaunchScreen.storyboard in Resources */,
				5E91AC3124432E6000C8311D /* Assets.xcassets in Resources */,
				5EF28F552454712F00D64277 /* HomeViewController.xib in Resources */,
			);
			runOnlyForDeploymentPostprocessing = 0;
		};
/* End PBXResourcesBuildPhase section */

/* Begin PBXSourcesBuildPhase section */
		5E91AC2024432E5F00C8311D /* Sources */ = {
			isa = PBXSourcesBuildPhase;
			buildActionMask = 2147483647;
			files = (
				5E91AC2824432E5F00C8311D /* AppDelegate.swift in Sources */,
				5EF28F542454712F00D64277 /* HomeViewController.swift in Sources */,
			);
			runOnlyForDeploymentPostprocessing = 0;
		};
/* End PBXSourcesBuildPhase section */

/* Begin PBXVariantGroup section */
		5E91AC3224432E6000C8311D /* LaunchScreen.storyboard */ = {
			isa = PBXVariantGroup;
			children = (
				5E91AC3324432E6000C8311D /* Base */,
			);
			name = LaunchScreen.storyboard;
			sourceTree = "<group>";
		};
/* End PBXVariantGroup section */

/* Begin XCBuildConfiguration section */
		5E91AC3624432E6000C8311D /* Debug */ = {
			isa = XCBuildConfiguration;
			buildSettings = {
				ALWAYS_SEARCH_USER_PATHS = NO;
				CLANG_ANALYZER_NONNULL = YES;
				CLANG_ANALYZER_NUMBER_OBJECT_CONVERSION = YES_AGGRESSIVE;
				CLANG_CXX_LANGUAGE_STANDARD = "gnu++14";
				CLANG_CXX_LIBRARY = "libc++";
				CLANG_ENABLE_MODULES = YES;
				CLANG_ENABLE_OBJC_ARC = YES;
				CLANG_ENABLE_OBJC_WEAK = YES;
				CLANG_WARN_BLOCK_CAPTURE_AUTORELEASING = YES;
				CLANG_WARN_BOOL_CONVERSION = YES;
				CLANG_WARN_COMMA = YES;
				CLANG_WARN_CONSTANT_CONVERSION = YES;
				CLANG_WARN_DEPRECATED_OBJC_IMPLEMENTATIONS = YES;
				CLANG_WARN_DIRECT_OBJC_ISA_USAGE = YES_ERROR;
				CLANG_WARN_DOCUMENTATION_COMMENTS = YES;
				CLANG_WARN_EMPTY_BODY = YES;
				CLANG_WARN_ENUM_CONVERSION = YES;
				CLANG_WARN_INFINITE_RECURSION = YES;
				CLANG_WARN_INT_CONVERSION = YES;
				CLANG_WARN_NON_LITERAL_NULL_CONVERSION = YES;
				CLANG_WARN_OBJC_IMPLICIT_RETAIN_SELF = YES;
				CLANG_WARN_OBJC_LITERAL_CONVERSION = YES;
				CLANG_WARN_OBJC_ROOT_CLASS = YES_ERROR;
				CLANG_WARN_RANGE_LOOP_ANALYSIS = YES;
				CLANG_WARN_STRICT_PROTOTYPES = YES;
				CLANG_WARN_SUSPICIOUS_MOVE = YES;
				CLANG_WARN_UNGUARDED_AVAILABILITY = YES_AGGRESSIVE;
				CLANG_WARN_UNREACHABLE_CODE = YES;
				CLANG_WARN__DUPLICATE_METHOD_MATCH = YES;
				COPY_PHASE_STRIP = NO;
				DEBUG_INFORMATION_FORMAT = dwarf;
				ENABLE_STRICT_OBJC_MSGSEND = YES;
				ENABLE_TESTABILITY = YES;
				GCC_C_LANGUAGE_STANDARD = gnu11;
				GCC_DYNAMIC_NO_PIC = NO;
				GCC_NO_COMMON_BLOCKS = YES;
				GCC_OPTIMIZATION_LEVEL = 0;
				GCC_PREPROCESSOR_DEFINITIONS = (
					"DEBUG=1",
					"$(inherited)",
				);
				GCC_WARN_64_TO_32_BIT_CONVERSION = YES;
				GCC_WARN_ABOUT_RETURN_TYPE = YES_ERROR;
				GCC_WARN_UNDECLARED_SELECTOR = YES;
				GCC_WARN_UNINITIALIZED_AUTOS = YES_AGGRESSIVE;
				GCC_WARN_UNUSED_FUNCTION = YES;
				GCC_WARN_UNUSED_VARIABLE = YES;
				IPHONEOS_DEPLOYMENT_TARGET = 13.4;
				MTL_ENABLE_DEBUG_INFO = INCLUDE_SOURCE;
				MTL_FAST_MATH = YES;
				ONLY_ACTIVE_ARCH = YES;
				SDKROOT = iphoneos;
				SWIFT_ACTIVE_COMPILATION_CONDITIONS = DEBUG;
				SWIFT_OPTIMIZATION_LEVEL = "-Onone";
			};
			name = Debug;
		};
		5E91AC3724432E6000C8311D /* Release */ = {
			isa = XCBuildConfiguration;
			buildSettings = {
				ALWAYS_SEARCH_USER_PATHS = NO;
				CLANG_ANALYZER_NONNULL = YES;
				CLANG_ANALYZER_NUMBER_OBJECT_CONVERSION = YES_AGGRESSIVE;
				CLANG_CXX_LANGUAGE_STANDARD = "gnu++14";
				CLANG_CXX_LIBRARY = "libc++";
				CLANG_ENABLE_MODULES = YES;
				CLANG_ENABLE_OBJC_ARC = YES;
				CLANG_ENABLE_OBJC_WEAK = YES;
				CLANG_WARN_BLOCK_CAPTURE_AUTORELEASING = YES;
				CLANG_WARN_BOOL_CONVERSION = YES;
				CLANG_WARN_COMMA = YES;
				CLANG_WARN_CONSTANT_CONVERSION = YES;
				CLANG_WARN_DEPRECATED_OBJC_IMPLEMENTATIONS = YES;
				CLANG_WARN_DIRECT_OBJC_ISA_USAGE = YES_ERROR;
				CLANG_WARN_DOCUMENTATION_COMMENTS = YES;
				CLANG_WARN_EMPTY_BODY = YES;
				CLANG_WARN_ENUM_CONVERSION = YES;
				CLANG_WARN_INFINITE_RECURSION = YES;
				CLANG_WARN_INT_CONVERSION = YES;
				CLANG_WARN_NON_LITERAL_NULL_CONVERSION = YES;
				CLANG_WARN_OBJC_IMPLICIT_RETAIN_SELF = YES;
				CLANG_WARN_OBJC_LITERAL_CONVERSION = YES;
				CLANG_WARN_OBJC_ROOT_CLASS = YES_ERROR;
				CLANG_WARN_RANGE_LOOP_ANALYSIS = YES;
				CLANG_WARN_STRICT_PROTOTYPES = YES;
				CLANG_WARN_SUSPICIOUS_MOVE = YES;
				CLANG_WARN_UNGUARDED_AVAILABILITY = YES_AGGRESSIVE;
				CLANG_WARN_UNREACHABLE_CODE = YES;
				CLANG_WARN__DUPLICATE_METHOD_MATCH = YES;
				COPY_PHASE_STRIP = NO;
				DEBUG_INFORMATION_FORMAT = "dwarf-with-dsym";
				ENABLE_NS_ASSERTIONS = NO;
				ENABLE_STRICT_OBJC_MSGSEND = YES;
				GCC_C_LANGUAGE_STANDARD = gnu11;
				GCC_NO_COMMON_BLOCKS = YES;
				GCC_WARN_64_TO_32_BIT_CONVERSION = YES;
				GCC_WARN_ABOUT_RETURN_TYPE = YES_ERROR;
				GCC_WARN_UNDECLARED_SELECTOR = YES;
				GCC_WARN_UNINITIALIZED_AUTOS = YES_AGGRESSIVE;
				GCC_WARN_UNUSED_FUNCTION = YES;
				GCC_WARN_UNUSED_VARIABLE = YES;
				IPHONEOS_DEPLOYMENT_TARGET = 13.4;
				MTL_ENABLE_DEBUG_INFO = NO;
				MTL_FAST_MATH = YES;
				SDKROOT = iphoneos;
				SWIFT_COMPILATION_MODE = wholemodule;
				SWIFT_OPTIMIZATION_LEVEL = "-O";
				VALIDATE_PRODUCT = YES;
			};
			name = Release;
		};
		5E91AC3924432E6000C8311D /* Debug */ = {
			isa = XCBuildConfiguration;
			buildSettings = {
				ASSETCATALOG_COMPILER_APPICON_NAME = AppIcon;
				CODE_SIGN_STYLE = Automatic;
				CURRENT_PROJECT_VERSION = 1;
				INFOPLIST_FILE = "Fun Factory I/Supporting Files/Info.plist";
				IPHONEOS_DEPLOYMENT_TARGET = 10.0;
				LD_RUNPATH_SEARCH_PATHS = (
					"$(inherited)",
					"@executable_path/Frameworks",
				);
				MARKETING_VERSION = 1.0;
				PRODUCT_BUNDLE_IDENTIFIER = "x.Fun-Factory-I";
				PRODUCT_NAME = "$(TARGET_NAME)";
				SWIFT_VERSION = 5.0;
				TARGETED_DEVICE_FAMILY = "1,2";
			};
			name = Debug;
		};
		5E91AC3A24432E6000C8311D /* Release */ = {
			isa = XCBuildConfiguration;
			buildSettings = {
				ASSETCATALOG_COMPILER_APPICON_NAME = AppIcon;
				CODE_SIGN_STYLE = Automatic;
				CURRENT_PROJECT_VERSION = 1;
				INFOPLIST_FILE = "Fun Factory I/Supporting Files/Info.plist";
				IPHONEOS_DEPLOYMENT_TARGET = 10.0;
				LD_RUNPATH_SEARCH_PATHS = (
					"$(inherited)",
					"@executable_path/Frameworks",
				);
				MARKETING_VERSION = 1.0;
				PRODUCT_BUNDLE_IDENTIFIER = "x.Fun-Factory-I";
				PRODUCT_NAME = "$(TARGET_NAME)";
				SWIFT_VERSION = 5.0;
				TARGETED_DEVICE_FAMILY = "1,2";
			};
			name = Release;
		};
/* End XCBuildConfiguration section */

/* Begin XCConfigurationList section */
		5E91AC1F24432E5F00C8311D /* Build configuration list for PBXProject "Fun Factory I" */ = {
			isa = XCConfigurationList;
			buildConfigurations = (
				5E91AC3624432E6000C8311D /* Debug */,
				5E91AC3724432E6000C8311D /* Release */,
			);
			defaultConfigurationIsVisible = 0;
			defaultConfigurationName = Release;
		};
		5E91AC3824432E6000C8311D /* Build configuration list for PBXNativeTarget "Fun Factory I" */ = {
			isa = XCConfigurationList;
			buildConfigurations = (
				5E91AC3924432E6000C8311D /* Debug */,
				5E91AC3A24432E6000C8311D /* Release */,
			);
			defaultConfigurationIsVisible = 0;
			defaultConfigurationName = Release;
		};
/* End XCConfigurationList section */
	};
	rootObject = 5E91AC1C24432E5F00C8311D /* Project object */;
}
